
Microsoft Visual Studio Solution File, Format Version 12.00
# Visual Studio 15
VisualStudioVersion = 15.0.36217.24
MinimumVisualStudioVersion = 10.0.40219.1
Project("{FAE04EC0-301F-11D3-BF4B-00C04F79EFBC}") = "TPSolution", "TPSolution\TPSolution.csproj", "{3D61E06E-D91E-4050-84DA-785E5F65B4BB}"
EndProject
Project("{FAE04EC0-301F-11D3-BF4B-00C04F79EFBC}") = "ModelCalcul", "ModelCalcul\ModelCalcul.csproj", "{45AD0616-5801-4959-BD9E-4902D749DCFC}"
EndProject
Project("{FAE04EC0-301F-11D3-BF4B-00C04F79EFBC}") = "UserCalcul", "UserCalcul\UserCalcul.csproj", "{91C3F2B0-5FCA-4B30-9EFE-DD3CA17D354F}"
EndProject
Project("{FAE04EC0-301F-11D3-BF4B-00C04F79EFBC}") = "UserTraitement", "UserTraitement\UserTraitement.csproj", "{25F0391B-BC4E-4679-9E14-96576E986F8A}"
EndProject
Project("{FAE04EC0-301F-11D3-BF4B-00C04F79EFBC}") = "projetTraitementTexte", "ProjetTraitementTexte\projetTraitementTexte.csproj", "{E9F8FA11-6B2E-4200-8A24-6171B6BA3418}"
EndProject
Project("{FAE04EC0-301F-11D3-BF4B-00C04F79EFBC}") = "ModelTraitement", "MoelTraitement\ModelTraitement.csproj", "{0CEA6D50-060C-4859-B4A3-9E7B02A2E1A1}"
EndProject
Project("{FAE04EC0-301F-11D3-BF4B-00C04F79EFBC}") = "TPVille", "TPVille\TPVille.csproj", "{DA61824B-A5BD-482C-B688-2018BFAA8C58}"
EndProject
Project("{FAE04EC0-301F-11D3-BF4B-00C04F79EFBC}") = "TPVilleV2", "TPVilleV2\TPVilleV2.csproj", "{128EA14F-488D-4D59-9256-BEFAC9CDD384}"
EndProject
Project("{FAE04EC0-301F-11D3-BF4B-00C04F79EFBC}") = "TPVoiture", "TPVoiture\TPVoiture.csproj", "{058A924F-A9C2-49E6-A8FC-BF41107E099B}"
EndProject
Project("{FAE04EC0-301F-11D3-BF4B-00C04F79EFBC}") = "TPClientV1", "TPClientV1\TPClientV1.csproj", "{D8F9CB64-D1D7-480B-827F-EC6D572EDBA1}"
EndProject
Project("{9A19103F-16F7-4668-BE54-9A1E7A4F7556}") = "Model", "Model\Model.csproj", "{BD88BB62-8B45-4067-ADA3-F28D68EDA2D5}"
EndProject
Project("{FAE04EC0-301F-11D3-BF4B-00C04F79EFBC}") = "Client", "Client\Client.csproj", "{027E83B9-C05D-4787-BA3C-4E8AFD6EC9DC}"
EndProject
Project("{9A19103F-16F7-4668-BE54-9A1E7A4F7556}") = "Adresse", "Adresse2\Adresse.csproj", "{37313D05-FE56-43D9-9374-D7F6E85412E0}"
EndProject
Project("{9A19103F-16F7-4668-BE54-9A1E7A4F7556}") = "Compte", "Compte2\Compte.csproj", "{FB782CA8-FA4E-4662-BB95-9F161EC91ADF}"
EndProject
Project("{FAE04EC0-301F-11D3-BF4B-00C04F79EFBC}") = "TPUSerConsole2", "TPUSerConsole2\TPUSerConsole2.csproj", "{8F97D66B-0803-4A21-B447-B0BDB15443F1}"
EndProject
Project("{FAE04EC0-301F-11D3-BF4B-00C04F79EFBC}") = "TPParking", "TPParking\TPParking.csproj", "{BFF4D2C3-39D8-4B3D-A797-03C5D74EAE68}"
EndProject
Project("{FAE04EC0-301F-11D3-BF4B-00C04F79EFBC}") = "TPEmail", "TPEmail\TPEmail.csproj", "{B63BCDD0-4F13-4DDE-ABF9-10BA5FD36D9A}"
EndProject
Project("{FAE04EC0-301F-11D3-BF4B-00C04F79EFBC}") = "TPCommande", "TPCommande\TPCommande.csproj", "{BEAD6DDA-232F-473F-AC7D-9F9D0395A163}"
EndProject
Project("{FAE04EC0-301F-11D3-BF4B-00C04F79EFBC}") = "TPImprimante", "TPProjet\TPImprimante.csproj", "{69323D55-0ECC-4B11-B23D-819944DF9B1C}"
EndProject
Project("{FAE04EC0-301F-11D3-BF4B-00C04F79EFBC}") = "ProjetObserver", "..\..\cours\SolutionsCours\ProjetObserver\ProjetObserver.csproj", "{BE5C7ACB-BF5D-4166-9A6D-5F28159F2653}"
EndProject
Project("{FAE04EC0-301F-11D3-BF4B-00C04F79EFBC}") = "TPVehicule", "TPVehicule\TPVehicule.csproj", "{678E6052-8FAB-4DF1-A3D0-A29B4FC8567F}"
EndProject
Project("{FAE04EC0-301F-11D3-BF4B-00C04F79EFBC}") = "TPCompte", "TPCompte\TPCompte.csproj", "{7E4E5EE1-AC3A-4A52-879B-D3FFA2BD2C52}"
EndProject
Project("{FAE04EC0-301F-11D3-BF4B-00C04F79EFBC}") = "projetAbstract", "projetAbstract\projetAbstract.csproj", "{05C09F85-2F2E-439B-9540-2F2AD6A7AA81}"
EndProject
Project("{FAE04EC0-301F-11D3-BF4B-00C04F79EFBC}") = "TPFigureGeometrique", "TPFigureGeometrique\TPFigureGeometrique.csproj", "{876D17BC-E07D-47E5-B40D-46C48B44625B}"
EndProject
Project("{FAE04EC0-301F-11D3-BF4B-00C04F79EFBC}") = "ProjetInterface", "ProjetInterface\ProjetInterface.csproj", "{5D93FB74-ED4E-4EE8-9DE4-AED793169A87}"
EndProject
Project("{FAE04EC0-301F-11D3-BF4B-00C04F79EFBC}") = "Generique", "Generique\Generique.csproj", "{2CAAEDBE-2189-4CE2-A05E-4CDFAFC32AB9}"
EndProject
Project("{FAE04EC0-301F-11D3-BF4B-00C04F79EFBC}") = "TPGenerique", "TPGenerique\TPGenerique.csproj", "{CA3F8C69-8198-4215-B877-5A3DAA747A96}"
EndProject
Project("{FAE04EC0-301F-11D3-BF4B-00C04F79EFBC}") = "tpEqualsArticle", "tpEqualsArticle\tpEqualsArticle.csproj", "{458A44DE-F03E-446D-B424-ADD81B63F804}"
EndProject
Project("{FAE04EC0-301F-11D3-BF4B-00C04F79EFBC}") = "TPFacture", "TPFacture\TPFacture.csproj", "{F576C91C-D51E-419E-9F08-4F165E65CE86}"
EndProject
Project("{FAE04EC0-301F-11D3-BF4B-00C04F79EFBC}") = "TPCommercial", "TPCommercial\TPCommercial.csproj", "{625AD3CB-EE79-4C25-80DC-8C56F8DA11C4}"
EndProject
Global
	GlobalSection(SolutionConfigurationPlatforms) = preSolution
		Debug|Any CPU = Debug|Any CPU
		Release|Any CPU = Release|Any CPU
	EndGlobalSection
	GlobalSection(ProjectConfigurationPlatforms) = postSolution
		{3D61E06E-D91E-4050-84DA-785E5F65B4BB}.Debug|Any CPU.ActiveCfg = Debug|Any CPU
		{3D61E06E-D91E-4050-84DA-785E5F65B4BB}.Debug|Any CPU.Build.0 = Debug|Any CPU
		{3D61E06E-D91E-4050-84DA-785E5F65B4BB}.Release|Any CPU.ActiveCfg = Release|Any CPU
		{3D61E06E-D91E-4050-84DA-785E5F65B4BB}.Release|Any CPU.Build.0 = Release|Any CPU
		{45AD0616-5801-4959-BD9E-4902D749DCFC}.Debug|Any CPU.ActiveCfg = Debug|Any CPU
		{45AD0616-5801-4959-BD9E-4902D749DCFC}.Debug|Any CPU.Build.0 = Debug|Any CPU
		{45AD0616-5801-4959-BD9E-4902D749DCFC}.Release|Any CPU.ActiveCfg = Release|Any CPU
		{45AD0616-5801-4959-BD9E-4902D749DCFC}.Release|Any CPU.Build.0 = Release|Any CPU
		{91C3F2B0-5FCA-4B30-9EFE-DD3CA17D354F}.Debug|Any CPU.ActiveCfg = Debug|Any CPU
		{91C3F2B0-5FCA-4B30-9EFE-DD3CA17D354F}.Debug|Any CPU.Build.0 = Debug|Any CPU
		{91C3F2B0-5FCA-4B30-9EFE-DD3CA17D354F}.Release|Any CPU.ActiveCfg = Release|Any CPU
		{91C3F2B0-5FCA-4B30-9EFE-DD3CA17D354F}.Release|Any CPU.Build.0 = Release|Any CPU
		{25F0391B-BC4E-4679-9E14-96576E986F8A}.Debug|Any CPU.ActiveCfg = Debug|Any CPU
		{25F0391B-BC4E-4679-9E14-96576E986F8A}.Debug|Any CPU.Build.0 = Debug|Any CPU
		{25F0391B-BC4E-4679-9E14-96576E986F8A}.Release|Any CPU.ActiveCfg = Release|Any CPU
		{25F0391B-BC4E-4679-9E14-96576E986F8A}.Release|Any CPU.Build.0 = Release|Any CPU
		{E9F8FA11-6B2E-4200-8A24-6171B6BA3418}.Debug|Any CPU.ActiveCfg = Debug|Any CPU
		{E9F8FA11-6B2E-4200-8A24-6171B6BA3418}.Debug|Any CPU.Build.0 = Debug|Any CPU
		{E9F8FA11-6B2E-4200-8A24-6171B6BA3418}.Release|Any CPU.ActiveCfg = Release|Any CPU
		{E9F8FA11-6B2E-4200-8A24-6171B6BA3418}.Release|Any CPU.Build.0 = Release|Any CPU
		{0CEA6D50-060C-4859-B4A3-9E7B02A2E1A1}.Debug|Any CPU.ActiveCfg = Debug|Any CPU
		{0CEA6D50-060C-4859-B4A3-9E7B02A2E1A1}.Debug|Any CPU.Build.0 = Debug|Any CPU
		{0CEA6D50-060C-4859-B4A3-9E7B02A2E1A1}.Release|Any CPU.ActiveCfg = Release|Any CPU
		{0CEA6D50-060C-4859-B4A3-9E7B02A2E1A1}.Release|Any CPU.Build.0 = Release|Any CPU
		{DA61824B-A5BD-482C-B688-2018BFAA8C58}.Debug|Any CPU.ActiveCfg = Debug|Any CPU
		{DA61824B-A5BD-482C-B688-2018BFAA8C58}.Debug|Any CPU.Build.0 = Debug|Any CPU
		{DA61824B-A5BD-482C-B688-2018BFAA8C58}.Release|Any CPU.ActiveCfg = Release|Any CPU
		{DA61824B-A5BD-482C-B688-2018BFAA8C58}.Release|Any CPU.Build.0 = Release|Any CPU
		{128EA14F-488D-4D59-9256-BEFAC9CDD384}.Debug|Any CPU.ActiveCfg = Debug|Any CPU
		{128EA14F-488D-4D59-9256-BEFAC9CDD384}.Debug|Any CPU.Build.0 = Debug|Any CPU
		{128EA14F-488D-4D59-9256-BEFAC9CDD384}.Release|Any CPU.ActiveCfg = Release|Any CPU
		{128EA14F-488D-4D59-9256-BEFAC9CDD384}.Release|Any CPU.Build.0 = Release|Any CPU
		{058A924F-A9C2-49E6-A8FC-BF41107E099B}.Debug|Any CPU.ActiveCfg = Debug|Any CPU
		{058A924F-A9C2-49E6-A8FC-BF41107E099B}.Debug|Any CPU.Build.0 = Debug|Any CPU
		{058A924F-A9C2-49E6-A8FC-BF41107E099B}.Release|Any CPU.ActiveCfg = Release|Any CPU
		{058A924F-A9C2-49E6-A8FC-BF41107E099B}.Release|Any CPU.Build.0 = Release|Any CPU
		{D8F9CB64-D1D7-480B-827F-EC6D572EDBA1}.Debug|Any CPU.ActiveCfg = Debug|Any CPU
		{D8F9CB64-D1D7-480B-827F-EC6D572EDBA1}.Debug|Any CPU.Build.0 = Debug|Any CPU
		{D8F9CB64-D1D7-480B-827F-EC6D572EDBA1}.Release|Any CPU.ActiveCfg = Release|Any CPU
		{D8F9CB64-D1D7-480B-827F-EC6D572EDBA1}.Release|Any CPU.Build.0 = Release|Any CPU
		{BD88BB62-8B45-4067-ADA3-F28D68EDA2D5}.Debug|Any CPU.ActiveCfg = Debug|Any CPU
		{BD88BB62-8B45-4067-ADA3-F28D68EDA2D5}.Debug|Any CPU.Build.0 = Debug|Any CPU
		{BD88BB62-8B45-4067-ADA3-F28D68EDA2D5}.Release|Any CPU.ActiveCfg = Release|Any CPU
		{BD88BB62-8B45-4067-ADA3-F28D68EDA2D5}.Release|Any CPU.Build.0 = Release|Any CPU
		{027E83B9-C05D-4787-BA3C-4E8AFD6EC9DC}.Debug|Any CPU.ActiveCfg = Debug|Any CPU
		{027E83B9-C05D-4787-BA3C-4E8AFD6EC9DC}.Debug|Any CPU.Build.0 = Debug|Any CPU
		{027E83B9-C05D-4787-BA3C-4E8AFD6EC9DC}.Release|Any CPU.ActiveCfg = Release|Any CPU
		{027E83B9-C05D-4787-BA3C-4E8AFD6EC9DC}.Release|Any CPU.Build.0 = Release|Any CPU
		{37313D05-FE56-43D9-9374-D7F6E85412E0}.Debug|Any CPU.ActiveCfg = Debug|Any CPU
		{37313D05-FE56-43D9-9374-D7F6E85412E0}.Debug|Any CPU.Build.0 = Debug|Any CPU
		{37313D05-FE56-43D9-9374-D7F6E85412E0}.Release|Any CPU.ActiveCfg = Release|Any CPU
		{37313D05-FE56-43D9-9374-D7F6E85412E0}.Release|Any CPU.Build.0 = Release|Any CPU
		{FB782CA8-FA4E-4662-BB95-9F161EC91ADF}.Debug|Any CPU.ActiveCfg = Debug|Any CPU
		{FB782CA8-FA4E-4662-BB95-9F161EC91ADF}.Debug|Any CPU.Build.0 = Debug|Any CPU
		{FB782CA8-FA4E-4662-BB95-9F161EC91ADF}.Release|Any CPU.ActiveCfg = Release|Any CPU
		{FB782CA8-FA4E-4662-BB95-9F161EC91ADF}.Release|Any CPU.Build.0 = Release|Any CPU
		{8F97D66B-0803-4A21-B447-B0BDB15443F1}.Debug|Any CPU.ActiveCfg = Debug|Any CPU
		{8F97D66B-0803-4A21-B447-B0BDB15443F1}.Debug|Any CPU.Build.0 = Debug|Any CPU
		{8F97D66B-0803-4A21-B447-B0BDB15443F1}.Release|Any CPU.ActiveCfg = Release|Any CPU
		{8F97D66B-0803-4A21-B447-B0BDB15443F1}.Release|Any CPU.Build.0 = Release|Any CPU
		{BFF4D2C3-39D8-4B3D-A797-03C5D74EAE68}.Debug|Any CPU.ActiveCfg = Debug|Any CPU
		{BFF4D2C3-39D8-4B3D-A797-03C5D74EAE68}.Debug|Any CPU.Build.0 = Debug|Any CPU
		{BFF4D2C3-39D8-4B3D-A797-03C5D74EAE68}.Release|Any CPU.ActiveCfg = Release|Any CPU
		{BFF4D2C3-39D8-4B3D-A797-03C5D74EAE68}.Release|Any CPU.Build.0 = Release|Any CPU
		{B63BCDD0-4F13-4DDE-ABF9-10BA5FD36D9A}.Debug|Any CPU.ActiveCfg = Debug|Any CPU
		{B63BCDD0-4F13-4DDE-ABF9-10BA5FD36D9A}.Debug|Any CPU.Build.0 = Debug|Any CPU
		{B63BCDD0-4F13-4DDE-ABF9-10BA5FD36D9A}.Release|Any CPU.ActiveCfg = Release|Any CPU
		{B63BCDD0-4F13-4DDE-ABF9-10BA5FD36D9A}.Release|Any CPU.Build.0 = Release|Any CPU
		{BEAD6DDA-232F-473F-AC7D-9F9D0395A163}.Debug|Any CPU.ActiveCfg = Debug|Any CPU
		{BEAD6DDA-232F-473F-AC7D-9F9D0395A163}.Debug|Any CPU.Build.0 = Debug|Any CPU
		{BEAD6DDA-232F-473F-AC7D-9F9D0395A163}.Release|Any CPU.ActiveCfg = Release|Any CPU
		{BEAD6DDA-232F-473F-AC7D-9F9D0395A163}.Release|Any CPU.Build.0 = Release|Any CPU
		{69323D55-0ECC-4B11-B23D-819944DF9B1C}.Debug|Any CPU.ActiveCfg = Debug|Any CPU
		{69323D55-0ECC-4B11-B23D-819944DF9B1C}.Debug|Any CPU.Build.0 = Debug|Any CPU
		{69323D55-0ECC-4B11-B23D-819944DF9B1C}.Release|Any CPU.ActiveCfg = Release|Any CPU
		{69323D55-0ECC-4B11-B23D-819944DF9B1C}.Release|Any CPU.Build.0 = Release|Any CPU
		{BE5C7ACB-BF5D-4166-9A6D-5F28159F2653}.Debug|Any CPU.ActiveCfg = Debug|Any CPU
		{BE5C7ACB-BF5D-4166-9A6D-5F28159F2653}.Debug|Any CPU.Build.0 = Debug|Any CPU
		{BE5C7ACB-BF5D-4166-9A6D-5F28159F2653}.Release|Any CPU.ActiveCfg = Release|Any CPU
		{BE5C7ACB-BF5D-4166-9A6D-5F28159F2653}.Release|Any CPU.Build.0 = Release|Any CPU
		{678E6052-8FAB-4DF1-A3D0-A29B4FC8567F}.Debug|Any CPU.ActiveCfg = Debug|Any CPU
		{678E6052-8FAB-4DF1-A3D0-A29B4FC8567F}.Debug|Any CPU.Build.0 = Debug|Any CPU
		{678E6052-8FAB-4DF1-A3D0-A29B4FC8567F}.Release|Any CPU.ActiveCfg = Release|Any CPU
		{678E6052-8FAB-4DF1-A3D0-A29B4FC8567F}.Release|Any CPU.Build.0 = Release|Any CPU
		{7E4E5EE1-AC3A-4A52-879B-D3FFA2BD2C52}.Debug|Any CPU.ActiveCfg = Debug|Any CPU
		{7E4E5EE1-AC3A-4A52-879B-D3FFA2BD2C52}.Debug|Any CPU.Build.0 = Debug|Any CPU
		{7E4E5EE1-AC3A-4A52-879B-D3FFA2BD2C52}.Release|Any CPU.ActiveCfg = Release|Any CPU
		{7E4E5EE1-AC3A-4A52-879B-D3FFA2BD2C52}.Release|Any CPU.Build.0 = Release|Any CPU
		{05C09F85-2F2E-439B-9540-2F2AD6A7AA81}.Debug|Any CPU.ActiveCfg = Debug|Any CPU
		{05C09F85-2F2E-439B-9540-2F2AD6A7AA81}.Debug|Any CPU.Build.0 = Debug|Any CPU
		{05C09F85-2F2E-439B-9540-2F2AD6A7AA81}.Release|Any CPU.ActiveCfg = Release|Any CPU
		{05C09F85-2F2E-439B-9540-2F2AD6A7AA81}.Release|Any CPU.Build.0 = Release|Any CPU
		{876D17BC-E07D-47E5-B40D-46C48B44625B}.Debug|Any CPU.ActiveCfg = Debug|Any CPU
		{876D17BC-E07D-47E5-B40D-46C48B44625B}.Debug|Any CPU.Build.0 = Debug|Any CPU
		{876D17BC-E07D-47E5-B40D-46C48B44625B}.Release|Any CPU.ActiveCfg = Release|Any CPU
		{876D17BC-E07D-47E5-B40D-46C48B44625B}.Release|Any CPU.Build.0 = Release|Any CPU
		{5D93FB74-ED4E-4EE8-9DE4-AED793169A87}.Debug|Any CPU.ActiveCfg = Debug|Any CPU
		{5D93FB74-ED4E-4EE8-9DE4-AED793169A87}.Debug|Any CPU.Build.0 = Debug|Any CPU
		{5D93FB74-ED4E-4EE8-9DE4-AED793169A87}.Release|Any CPU.ActiveCfg = Release|Any CPU
		{5D93FB74-ED4E-4EE8-9DE4-AED793169A87}.Release|Any CPU.Build.0 = Release|Any CPU
		{2CAAEDBE-2189-4CE2-A05E-4CDFAFC32AB9}.Debug|Any CPU.ActiveCfg = Debug|Any CPU
		{2CAAEDBE-2189-4CE2-A05E-4CDFAFC32AB9}.Debug|Any CPU.Build.0 = Debug|Any CPU
		{2CAAEDBE-2189-4CE2-A05E-4CDFAFC32AB9}.Release|Any CPU.ActiveCfg = Release|Any CPU
		{2CAAEDBE-2189-4CE2-A05E-4CDFAFC32AB9}.Release|Any CPU.Build.0 = Release|Any CPU
		{CA3F8C69-8198-4215-B877-5A3DAA747A96}.Debug|Any CPU.ActiveCfg = Debug|Any CPU
		{CA3F8C69-8198-4215-B877-5A3DAA747A96}.Debug|Any CPU.Build.0 = Debug|Any CPU
		{CA3F8C69-8198-4215-B877-5A3DAA747A96}.Release|Any CPU.ActiveCfg = Release|Any CPU
		{CA3F8C69-8198-4215-B877-5A3DAA747A96}.Release|Any CPU.Build.0 = Release|Any CPU
		{458A44DE-F03E-446D-B424-ADD81B63F804}.Debug|Any CPU.ActiveCfg = Debug|Any CPU
		{458A44DE-F03E-446D-B424-ADD81B63F804}.Debug|Any CPU.Build.0 = Debug|Any CPU
		{458A44DE-F03E-446D-B424-ADD81B63F804}.Release|Any CPU.ActiveCfg = Release|Any CPU
		{458A44DE-F03E-446D-B424-ADD81B63F804}.Release|Any CPU.Build.0 = Release|Any CPU
		{F576C91C-D51E-419E-9F08-4F165E65CE86}.Debug|Any CPU.ActiveCfg = Debug|Any CPU
		{F576C91C-D51E-419E-9F08-4F165E65CE86}.Debug|Any CPU.Build.0 = Debug|Any CPU
		{F576C91C-D51E-419E-9F08-4F165E65CE86}.Release|Any CPU.ActiveCfg = Release|Any CPU
		{F576C91C-D51E-419E-9F08-4F165E65CE86}.Release|Any CPU.Build.0 = Release|Any CPU
		{625AD3CB-EE79-4C25-80DC-8C56F8DA11C4}.Debug|Any CPU.ActiveCfg = Debug|Any CPU
		{625AD3CB-EE79-4C25-80DC-8C56F8DA11C4}.Debug|Any CPU.Build.0 = Debug|Any CPU
		{625AD3CB-EE79-4C25-80DC-8C56F8DA11C4}.Release|Any CPU.ActiveCfg = Release|Any CPU
		{625AD3CB-EE79-4C25-80DC-8C56F8DA11C4}.Release|Any CPU.Build.0 = Release|Any CPU
	EndGlobalSection
	GlobalSection(SolutionProperties) = preSolution
		HideSolutionNode = FALSE
	EndGlobalSection
	GlobalSection(ExtensibilityGlobals) = postSolution
		SolutionGuid = {1785F8D0-EC00-414B-80C9-85947075C0AC}
	EndGlobalSection
EndGlobal
