
Microsoft Visual Studio Solution File, Format Version 12.00
# Visual Studio Version 16
VisualStudioVersion = 16.0.36227.6
MinimumVisualStudioVersion = 10.0.40219.1
Project("{FAE04EC0-301F-11D3-BF4B-00C04F79EFBC}") = "tpDaoEmpOracle", "ConsoleAppTest1\tpDaoEmpOracle.csproj", "{BCD43912-5FCE-4EF7-985F-2FEAB592480F}"
EndProject
Global
	GlobalSection(SolutionConfigurationPlatforms) = preSolution
		Debug|Any CPU = Debug|Any CPU
		Release|Any CPU = Release|Any CPU
	EndGlobalSection
	GlobalSection(ProjectConfigurationPlatforms) = postSolution
		{BCD43912-5FCE-4EF7-985F-2FEAB592480F}.Debug|Any CPU.ActiveCfg = Debug|Any CPU
		{BCD43912-5FCE-4EF7-985F-2FEAB592480F}.Debug|Any CPU.Build.0 = Debug|Any CPU
		{BCD43912-5FCE-4EF7-985F-2FEAB592480F}.Release|Any CPU.ActiveCfg = Release|Any CPU
		{BCD43912-5FCE-4EF7-985F-2FEAB592480F}.Release|Any CPU.Build.0 = Release|Any CPU
	EndGlobalSection
	GlobalSection(SolutionProperties) = preSolution
		HideSolutionNode = FALSE
	EndGlobalSection
	GlobalSection(ExtensibilityGlobals) = postSolution
		SolutionGuid = {6807F513-EA51-4D6C-9813-B91C2D7BFB19}
	EndGlobalSection
EndGlobal
