
Microsoft Visual Studio Solution File, Format Version 12.00
# Visual Studio 15
VisualStudioVersion = 15.0.36217.24
MinimumVisualStudioVersion = 10.0.40219.1
Project("{FAE04EC0-301F-11D3-BF4B-00C04F79EFBC}") = "tpWindowsEtWcfAsync", "tpWindowsEtWcfAsync\tpWindowsEtWcfAsync.csproj", "{8D81452F-498F-4DA0-A85C-D856B4B20FCD}"
EndProject
Project("{FAE04EC0-301F-11D3-BF4B-00C04F79EFBC}") = "WindowsFormsApp1", "WindowsFormsApp1\WindowsFormsApp1.csproj", "{BF851164-A73F-4313-AD70-5B0C7C1309EE}"
	ProjectSection(ProjectDependencies) = postProject
		{8D81452F-498F-4DA0-A85C-D856B4B20FCD} = {8D81452F-498F-4DA0-A85C-D856B4B20FCD}
	EndProjectSection
EndProject
Global
	GlobalSection(SolutionConfigurationPlatforms) = preSolution
		Debug|Any CPU = Debug|Any CPU
		Release|Any CPU = Release|Any CPU
	EndGlobalSection
	GlobalSection(ProjectConfigurationPlatforms) = postSolution
		{8D81452F-498F-4DA0-A85C-D856B4B20FCD}.Debug|Any CPU.ActiveCfg = Debug|Any CPU
		{8D81452F-498F-4DA0-A85C-D856B4B20FCD}.Debug|Any CPU.Build.0 = Debug|Any CPU
		{8D81452F-498F-4DA0-A85C-D856B4B20FCD}.Release|Any CPU.ActiveCfg = Release|Any CPU
		{8D81452F-498F-4DA0-A85C-D856B4B20FCD}.Release|Any CPU.Build.0 = Release|Any CPU
		{BF851164-A73F-4313-AD70-5B0C7C1309EE}.Debug|Any CPU.ActiveCfg = Debug|Any CPU
		{BF851164-A73F-4313-AD70-5B0C7C1309EE}.Debug|Any CPU.Build.0 = Debug|Any CPU
		{BF851164-A73F-4313-AD70-5B0C7C1309EE}.Release|Any CPU.ActiveCfg = Release|Any CPU
		{BF851164-A73F-4313-AD70-5B0C7C1309EE}.Release|Any CPU.Build.0 = Release|Any CPU
	EndGlobalSection
	GlobalSection(SolutionProperties) = preSolution
		HideSolutionNode = FALSE
	EndGlobalSection
	GlobalSection(ExtensibilityGlobals) = postSolution
		SolutionGuid = {22AD4BE8-3FBC-4616-A8FF-CC38146C4FE8}
	EndGlobalSection
EndGlobal
